
Microsoft Visual Studio Solution File, Format Version 12.00
# Visual Studio Version 17
VisualStudioVersion = 17.7.34018.315
MinimumVisualStudioVersion = 10.0.40219.1
Project("{9A19103F-16F7-4668-BE54-9A1E7A4F7556}") = "Dominio", "Dominio\Dominio.csproj", "{7FB64910-C6F2-47E3-86AA-9551703DFE60}"
EndProject
Project("{9A19103F-16F7-4668-BE54-9A1E7A4F7556}") = "Pruebas", "Pruebas\Pruebas.csproj", "{D3B26B79-C8D5-4AAA-A75B-4FD6230AC477}"
EndProject
Project("{9A19103F-16F7-4668-BE54-9A1E7A4F7556}") = "DataAccess", "DataAccess\DataAccess.csproj", "{E58C7B93-2740-40D5-A469-1021BD958CD9}"
EndProject
Project("{9A19103F-16F7-4668-BE54-9A1E7A4F7556}") = "Api", "Api\Api.csproj", "{D362DE85-08EF-41BB-B779-7AE5DD892601}"
EndProject
Project("{9A19103F-16F7-4668-BE54-9A1E7A4F7556}") = "Servicios", "Servicios\Servicios.csproj", "{627D2801-F53C-494A-B9B5-1046D8682868}"
EndProject
Project("{FAE04EC0-301F-11D3-BF4B-00C04F79EFBC}") = "ServicioFactory", "ServicioFactory\ServicioFactory.csproj", "{C6C1BDD3-DA9E-4C19-AEFE-1E4A2C9CAA5F}"
EndProject
Global
	GlobalSection(SolutionConfigurationPlatforms) = preSolution
		Debug|Any CPU = Debug|Any CPU
		Release|Any CPU = Release|Any CPU
	EndGlobalSection
	GlobalSection(ProjectConfigurationPlatforms) = postSolution
		{7FB64910-C6F2-47E3-86AA-9551703DFE60}.Debug|Any CPU.ActiveCfg = Debug|Any CPU
		{7FB64910-C6F2-47E3-86AA-9551703DFE60}.Debug|Any CPU.Build.0 = Debug|Any CPU
		{7FB64910-C6F2-47E3-86AA-9551703DFE60}.Release|Any CPU.ActiveCfg = Release|Any CPU
		{7FB64910-C6F2-47E3-86AA-9551703DFE60}.Release|Any CPU.Build.0 = Release|Any CPU
		{D3B26B79-C8D5-4AAA-A75B-4FD6230AC477}.Debug|Any CPU.ActiveCfg = Debug|Any CPU
		{D3B26B79-C8D5-4AAA-A75B-4FD6230AC477}.Debug|Any CPU.Build.0 = Debug|Any CPU
		{D3B26B79-C8D5-4AAA-A75B-4FD6230AC477}.Release|Any CPU.ActiveCfg = Release|Any CPU
		{D3B26B79-C8D5-4AAA-A75B-4FD6230AC477}.Release|Any CPU.Build.0 = Release|Any CPU
		{E58C7B93-2740-40D5-A469-1021BD958CD9}.Debug|Any CPU.ActiveCfg = Debug|Any CPU
		{E58C7B93-2740-40D5-A469-1021BD958CD9}.Debug|Any CPU.Build.0 = Debug|Any CPU
		{E58C7B93-2740-40D5-A469-1021BD958CD9}.Release|Any CPU.ActiveCfg = Release|Any CPU
		{E58C7B93-2740-40D5-A469-1021BD958CD9}.Release|Any CPU.Build.0 = Release|Any CPU
		{D362DE85-08EF-41BB-B779-7AE5DD892601}.Debug|Any CPU.ActiveCfg = Debug|Any CPU
		{D362DE85-08EF-41BB-B779-7AE5DD892601}.Debug|Any CPU.Build.0 = Debug|Any CPU
		{D362DE85-08EF-41BB-B779-7AE5DD892601}.Release|Any CPU.ActiveCfg = Release|Any CPU
		{D362DE85-08EF-41BB-B779-7AE5DD892601}.Release|Any CPU.Build.0 = Release|Any CPU
		{627D2801-F53C-494A-B9B5-1046D8682868}.Debug|Any CPU.ActiveCfg = Debug|Any CPU
		{627D2801-F53C-494A-B9B5-1046D8682868}.Debug|Any CPU.Build.0 = Debug|Any CPU
		{627D2801-F53C-494A-B9B5-1046D8682868}.Release|Any CPU.ActiveCfg = Release|Any CPU
		{627D2801-F53C-494A-B9B5-1046D8682868}.Release|Any CPU.Build.0 = Release|Any CPU
		{C6C1BDD3-DA9E-4C19-AEFE-1E4A2C9CAA5F}.Debug|Any CPU.ActiveCfg = Debug|Any CPU
		{C6C1BDD3-DA9E-4C19-AEFE-1E4A2C9CAA5F}.Debug|Any CPU.Build.0 = Debug|Any CPU
		{C6C1BDD3-DA9E-4C19-AEFE-1E4A2C9CAA5F}.Release|Any CPU.ActiveCfg = Release|Any CPU
		{C6C1BDD3-DA9E-4C19-AEFE-1E4A2C9CAA5F}.Release|Any CPU.Build.0 = Release|Any CPU
	EndGlobalSection
	GlobalSection(SolutionProperties) = preSolution
		HideSolutionNode = FALSE
	EndGlobalSection
	GlobalSection(ExtensibilityGlobals) = postSolution
		SolutionGuid = {5B2F4F1A-CC3E-4BE5-8025-A2767C6169DB}
	EndGlobalSection
EndGlobal
